<Solution>
  <Folder Name="/Solution Items/">
    <File Path=".editorconfig" />
    <File Path=".mcp.json" />
    <File Path="CHANGELOG.md" />
    <File Path="Directory.Build.props" />
    <File Path="Directory.Build.targets" />
    <File Path="Directory.Packages.props" />
    <File Path="global.json" />
    <File Path="README.md" />
    <File Path="THIRD-PARTY-NOTICES.md" />
  </Folder>
  <Project Path="build/build.fsproj" />
  <Project Path="src/Cosmos/FSharp.Azure.Cosmos.fsproj" />
  <Project Path="tests/Cosmos.Tests.Infrastructure/FSharp.Azure.Cosmos.Tests.Infrastructure.fsproj" />
  <Project Path="tests/Cosmos.Tests/FSharp.Azure.Cosmos.Tests.fsproj" />
  <Project Path="tests/Hedgehog.MSTest/Hedgehog.MSTest.fsproj" />
  <Project Path="tests/Hedgehog.MSTest.Tests/Hedgehog.MSTest.Tests.fsproj" />
</Solution>
